Microsoft Visual Studio Solution File, Format Version 12.00
# Visual Studio Version 17
VisualStudioVersion = 17.5.2.0
MinimumVisualStudioVersion = 10.0.40219.1
Project("{2150E333-8FDC-42A3-9474-1A3956D46DE8}") = "installer_ws", "installer_ws", "{F9802F95-B547-E8E6-2978-C1298FF0FD50}"
EndProject
Project("{FAE04EC0-301F-11D3-BF4B-00C04F79EFBC}") = "XXAR.Installer", "installer_ws\XXAR.Installer.csproj", "{8002BDD3-FEFB-B80E-3A87-74118B5D9F54}"
EndProject
Global
	GlobalSection(SolutionConfigurationPlatforms) = preSolution
		Debug|Any CPU = Debug|Any CPU
		Release|Any CPU = Release|Any CPU
	EndGlobalSection
	GlobalSection(ProjectConfigurationPlatforms) = postSolution
		{8002BDD3-FEFB-B80E-3A87-74118B5D9F54}.Debug|Any CPU.ActiveCfg = Debug|Any CPU
		{8002BDD3-FEFB-B80E-3A87-74118B5D9F54}.Debug|Any CPU.Build.0 = Debug|Any CPU
		{8002BDD3-FEFB-B80E-3A87-74118B5D9F54}.Release|Any CPU.ActiveCfg = Release|Any CPU
		{8002BDD3-FEFB-B80E-3A87-74118B5D9F54}.Release|Any CPU.Build.0 = Release|Any CPU
	EndGlobalSection
	GlobalSection(SolutionProperties) = preSolution
		HideSolutionNode = FALSE
	EndGlobalSection
	GlobalSection(NestedProjects) = preSolution
		{8002BDD3-FEFB-B80E-3A87-74118B5D9F54} = {F9802F95-B547-E8E6-2978-C1298FF0FD50}
	EndGlobalSection
	GlobalSection(ExtensibilityGlobals) = postSolution
		SolutionGuid = {220AC168-E8BF-4C1B-A842-735A09BD47EC}
	EndGlobalSection
EndGlobal
